hash: e5b4701ec9b80780119f8b7f52d8c2b674af4e3eb3aaa5bec494a0799a95bf60
updated: 2016-05-29T10:44:53.639215252+08:00
imports:
- name: github.com/golang/protobuf
  version: 9e6977f30c91c78396e719e164e57f9287fff42c
  subpackages:
  - proto
- name: github.com/google/go-github
  version: 7ec4e45f77474b3a7b7d9b7ef233a0cc8339ddf3
  subpackages:
  - github
- name: github.com/google/go-querystring
  version: 9235644dd9e52eeae6fa48efd539fdc351a0af53
  subpackages:
  - query
- name: github.com/howeyc/gopass
  version: 66487b23f2880ba32e185121d2cd51a338ea069a
- name: golang.org/x/crypto
  version: 5bcd134fee4dd1475da17714aac19c0aa0142e2f
  subpackages:
  - ssh/terminal
- name: golang.org/x/net
  version: 30db96677b74e24b967e23f911eb3364fc61a011
  subpackages:
  - context
- name: golang.org/x/oauth2
  version: c406a4cc4ba462e5dc2f16225c5bd9488f9cbe10
  subpackages:
  - internal
- name: google.golang.org/appengine
  version: 7f59a8c76b8594d06044bfe0bcbe475cb2020482
  subpackages:
  - urlfetch
  - internal
  - internal/urlfetch
  - internal/base
  - internal/datastore
  - internal/remote_api
devImports: []
